
Microsoft Visual Studio Solution File, Format Version 12.00
# Visual Studio Version 17
VisualStudioVersion = 17.6.33815.320
MinimumVisualStudioVersion = 10.0.40219.1
Project("{9A19103F-16F7-4668-BE54-9A1E7A4F7556}") = "OpenVid.Importer", "OpenVid.Importer\OpenVid.Importer.csproj", "{EED9C9DB-1DA9-4559-8DA4-C45D881C4632}"
EndProject
Project("{9A19103F-16F7-4668-BE54-9A1E7A4F7556}") = "Database", "Database\Database.csproj", "{2C2C13F0-9EB7-4885-9EDF-13E2CBC63451}"
EndProject
Project("{9A19103F-16F7-4668-BE54-9A1E7A4F7556}") = "Ffmpeg.Handler", "Ffmpeg.Handler\Ffmpeg.Handler.csproj", "{353ED255-1993-4A62-8F8E-781CD80726D4}"
EndProject
Project("{9A19103F-16F7-4668-BE54-9A1E7A4F7556}") = "Ffmpeg.Handler.Tests", "Ffmpeg.Handler.Tests\Ffmpeg.Handler.Tests.csproj", "{67907469-C9C2-4CBA-B41D-1735FB258875}"
EndProject
Project("{9A19103F-16F7-4668-BE54-9A1E7A4F7556}") = "Handbrake.Handler", "Handbrake.Handler\Handbrake.Handler.csproj", "{DC7BE010-4537-4BAC-9F88-9B1F92FCD7D0}"
EndProject
Project("{FAE04EC0-301F-11D3-BF4B-00C04F79EFBC}") = "Common", "Common\Common.csproj", "{4DDB5A8C-6D82-461A-AB8B-EEB6B6909BB0}"
EndProject
Global
	GlobalSection(SolutionConfigurationPlatforms) = preSolution
		Debug|Any CPU = Debug|Any CPU
		Release|Any CPU = Release|Any CPU
	EndGlobalSection
	GlobalSection(ProjectConfigurationPlatforms) = postSolution
		{EED9C9DB-1DA9-4559-8DA4-C45D881C4632}.Debug|Any CPU.ActiveCfg = Debug|Any CPU
		{EED9C9DB-1DA9-4559-8DA4-C45D881C4632}.Debug|Any CPU.Build.0 = Debug|Any CPU
		{EED9C9DB-1DA9-4559-8DA4-C45D881C4632}.Release|Any CPU.ActiveCfg = Release|Any CPU
		{EED9C9DB-1DA9-4559-8DA4-C45D881C4632}.Release|Any CPU.Build.0 = Release|Any CPU
		{2C2C13F0-9EB7-4885-9EDF-13E2CBC63451}.Debug|Any CPU.ActiveCfg = Debug|Any CPU
		{2C2C13F0-9EB7-4885-9EDF-13E2CBC63451}.Debug|Any CPU.Build.0 = Debug|Any CPU
		{2C2C13F0-9EB7-4885-9EDF-13E2CBC63451}.Release|Any CPU.ActiveCfg = Release|Any CPU
		{2C2C13F0-9EB7-4885-9EDF-13E2CBC63451}.Release|Any CPU.Build.0 = Release|Any CPU
		{353ED255-1993-4A62-8F8E-781CD80726D4}.Debug|Any CPU.ActiveCfg = Debug|Any CPU
		{353ED255-1993-4A62-8F8E-781CD80726D4}.Debug|Any CPU.Build.0 = Debug|Any CPU
		{353ED255-1993-4A62-8F8E-781CD80726D4}.Release|Any CPU.ActiveCfg = Release|Any CPU
		{353ED255-1993-4A62-8F8E-781CD80726D4}.Release|Any CPU.Build.0 = Release|Any CPU
		{67907469-C9C2-4CBA-B41D-1735FB258875}.Debug|Any CPU.ActiveCfg = Debug|Any CPU
		{67907469-C9C2-4CBA-B41D-1735FB258875}.Debug|Any CPU.Build.0 = Debug|Any CPU
		{67907469-C9C2-4CBA-B41D-1735FB258875}.Release|Any CPU.ActiveCfg = Release|Any CPU
		{67907469-C9C2-4CBA-B41D-1735FB258875}.Release|Any CPU.Build.0 = Release|Any CPU
		{DC7BE010-4537-4BAC-9F88-9B1F92FCD7D0}.Debug|Any CPU.ActiveCfg = Debug|Any CPU
		{DC7BE010-4537-4BAC-9F88-9B1F92FCD7D0}.Debug|Any CPU.Build.0 = Debug|Any CPU
		{DC7BE010-4537-4BAC-9F88-9B1F92FCD7D0}.Release|Any CPU.ActiveCfg = Release|Any CPU
		{DC7BE010-4537-4BAC-9F88-9B1F92FCD7D0}.Release|Any CPU.Build.0 = Release|Any CPU
		{4DDB5A8C-6D82-461A-AB8B-EEB6B6909BB0}.Debug|Any CPU.ActiveCfg = Debug|Any CPU
		{4DDB5A8C-6D82-461A-AB8B-EEB6B6909BB0}.Debug|Any CPU.Build.0 = Debug|Any CPU
		{4DDB5A8C-6D82-461A-AB8B-EEB6B6909BB0}.Release|Any CPU.ActiveCfg = Release|Any CPU
		{4DDB5A8C-6D82-461A-AB8B-EEB6B6909BB0}.Release|Any CPU.Build.0 = Release|Any CPU
	EndGlobalSection
	GlobalSection(SolutionProperties) = preSolution
		HideSolutionNode = FALSE
	EndGlobalSection
	GlobalSection(ExtensibilityGlobals) = postSolution
		SolutionGuid = {E139C814-15D0-4E55-8307-7190826E52F4}
	EndGlobalSection
EndGlobal
